
Microsoft Visual Studio Solution File, Format Version 10.00
# Visual Studio 2008
Project("{FAE04EC0-301F-11D3-BF4B-00C04F79EFBC}") = "Lidgren.Network.Xna", "Lidgren.Network.Xna\Lidgren.Network.Xna.csproj", "{5B759C4B-0780-44F6-8E95-EAAA0E17B278}"
EndProject
Project("{FAE04EC0-301F-11D3-BF4B-00C04F79EFBC}") = "Lidgren.Network", "..\Lidgren.Network\Lidgren.Network.csproj", "{BA202214-F6F8-4853-BCC9-CA4F13C5F479}"
EndProject
Global
	GlobalSection(SolutionConfigurationPlatforms) = preSolution
		Debug|Any CPU = Debug|Any CPU
		Release|Any CPU = Release|Any CPU
	EndGlobalSection
	GlobalSection(ProjectConfigurationPlatforms) = postSolution
		{5B759C4B-0780-44F6-8E95-EAAA0E17B278}.Debug|Any CPU.ActiveCfg = Debug|Any CPU
		{5B759C4B-0780-44F6-8E95-EAAA0E17B278}.Debug|Any CPU.Build.0 = Debug|Any CPU
		{5B759C4B-0780-44F6-8E95-EAAA0E17B278}.Release|Any CPU.ActiveCfg = Release|Any CPU
		{5B759C4B-0780-44F6-8E95-EAAA0E17B278}.Release|Any CPU.Build.0 = Release|Any CPU
		{BA202214-F6F8-4853-BCC9-CA4F13C5F479}.Debug|Any CPU.ActiveCfg = Debug|Any CPU
		{BA202214-F6F8-4853-BCC9-CA4F13C5F479}.Debug|Any CPU.Build.0 = Debug|Any CPU
		{BA202214-F6F8-4853-BCC9-CA4F13C5F479}.Release|Any CPU.ActiveCfg = Release|Any CPU
		{BA202214-F6F8-4853-BCC9-CA4F13C5F479}.Release|Any CPU.Build.0 = Release|Any CPU
	EndGlobalSection
	GlobalSection(SolutionProperties) = preSolution
		HideSolutionNode = FALSE
	EndGlobalSection
EndGlobal
